
Microsoft Visual Studio Solution File, Format Version 12.00
# Visual Studio Version 16
VisualStudioVersion = 16.0.30114.105
MinimumVisualStudioVersion = 10.0.40219.1
Project("{FAE04EC0-301F-11D3-BF4B-00C04F79EFBC}") = "GrainInterfaces", "GrainInterfaces\GrainInterfaces.csproj", "{512F5763-43E5-4179-984C-B464376CBB70}"
EndProject
Project("{FAE04EC0-301F-11D3-BF4B-00C04F79EFBC}") = "TestClient", "TestClient\TestClient.csproj", "{F7D4C59B-4434-4091-94F7-EA31EC23F9B9}"
EndProject
Project("{FAE04EC0-301F-11D3-BF4B-00C04F79EFBC}") = "TestSilo", "TestSilo\TestSilo.csproj", "{1A953180-E709-48EC-BFED-1BE51386B86A}"
EndProject
Global
	GlobalSection(SolutionConfigurationPlatforms) = preSolution
		Debug|Any CPU = Debug|Any CPU
		Release|Any CPU = Release|Any CPU
	EndGlobalSection
	GlobalSection(SolutionProperties) = preSolution
		HideSolutionNode = FALSE
	EndGlobalSection
	GlobalSection(ProjectConfigurationPlatforms) = postSolution
		{512F5763-43E5-4179-984C-B464376CBB70}.Debug|Any CPU.ActiveCfg = Debug|Any CPU
		{512F5763-43E5-4179-984C-B464376CBB70}.Debug|Any CPU.Build.0 = Debug|Any CPU
		{512F5763-43E5-4179-984C-B464376CBB70}.Release|Any CPU.ActiveCfg = Release|Any CPU
		{512F5763-43E5-4179-984C-B464376CBB70}.Release|Any CPU.Build.0 = Release|Any CPU
		{F7D4C59B-4434-4091-94F7-EA31EC23F9B9}.Debug|Any CPU.ActiveCfg = Debug|Any CPU
		{F7D4C59B-4434-4091-94F7-EA31EC23F9B9}.Debug|Any CPU.Build.0 = Debug|Any CPU
		{F7D4C59B-4434-4091-94F7-EA31EC23F9B9}.Release|Any CPU.ActiveCfg = Release|Any CPU
		{F7D4C59B-4434-4091-94F7-EA31EC23F9B9}.Release|Any CPU.Build.0 = Release|Any CPU
		{1A953180-E709-48EC-BFED-1BE51386B86A}.Debug|Any CPU.ActiveCfg = Debug|Any CPU
		{1A953180-E709-48EC-BFED-1BE51386B86A}.Debug|Any CPU.Build.0 = Debug|Any CPU
		{1A953180-E709-48EC-BFED-1BE51386B86A}.Release|Any CPU.ActiveCfg = Release|Any CPU
		{1A953180-E709-48EC-BFED-1BE51386B86A}.Release|Any CPU.Build.0 = Release|Any CPU
	EndGlobalSection
EndGlobal
